
Microsoft Visual Studio Solution File, Format Version 12.00
# Visual Studio Version 16
VisualStudioVersion = 16.0.29011.400
MinimumVisualStudioVersion = 10.0.40219.1
Project("{9A19103F-16F7-4668-BE54-9A1E7A4F7556}") = "Microsoft.Build.Tasks.Git", "src\Microsoft.Build.Tasks.Git\Microsoft.Build.Tasks.Git.csproj", "{A86F9DC3-9595-44AC-ACC6-025FB74813E6}"
EndProject
Project("{9A19103F-16F7-4668-BE54-9A1E7A4F7556}") = "Microsoft.Build.Tasks.Tfvc", "src\Microsoft.Build.Tasks.Tfvc\Microsoft.Build.Tasks.Tfvc.csproj", "{13E94F49-DE63-4F6A-8771-D6AE9B7E043D}"
EndProject
Project("{9A19103F-16F7-4668-BE54-9A1E7A4F7556}") = "Microsoft.SourceLink.Common", "src\SourceLink.Common\Microsoft.SourceLink.Common.csproj", "{1FAB9031-3148-476B-B9BB-AB89B8CD2C17}"
EndProject
Project("{9A19103F-16F7-4668-BE54-9A1E7A4F7556}") = "Microsoft.SourceLink.Common.UnitTests", "src\SourceLink.Common.UnitTests\Microsoft.SourceLink.Common.UnitTests.csproj", "{9C090D12-1C88-4CB0-849E-3B1668CE0159}"
EndProject
Project("{9A19103F-16F7-4668-BE54-9A1E7A4F7556}") = "Microsoft.Build.StandardCI", "src\Microsoft.Build.StandardCI\Microsoft.Build.StandardCI.csproj", "{F537399A-8B15-4AA0-B5E5-A32E0FAF750B}"
EndProject
Project("{9A19103F-16F7-4668-BE54-9A1E7A4F7556}") = "Microsoft.Build.Tasks.Git.UnitTests", "src\Microsoft.Build.Tasks.Git.UnitTests\Microsoft.Build.Tasks.Git.UnitTests.csproj", "{E8B3BCCA-0C81-4B47-BFC1-67960E214D0A}"
EndProject
Project("{9A19103F-16F7-4668-BE54-9A1E7A4F7556}") = "Microsoft.SourceLink.GitHub", "src\SourceLink.GitHub\Microsoft.SourceLink.GitHub.csproj", "{6B305358-98A3-4F3D-8D69-32475523EE02}"
EndProject
Project("{9A19103F-16F7-4668-BE54-9A1E7A4F7556}") = "Microsoft.SourceLink.AzureRepos.Git", "src\SourceLink.AzureRepos.Git\Microsoft.SourceLink.AzureRepos.Git.csproj", "{076D322B-A705-4C57-A5A0-39C81BCFC285}"
EndProject
Project("{9A19103F-16F7-4668-BE54-9A1E7A4F7556}") = "Microsoft.SourceLink.AzureRepos.Tfvc", "src\SourceLink.AzureRepos.Tfvc\Microsoft.SourceLink.AzureRepos.Tfvc.csproj", "{DA058284-2FBD-459C-B9F3-82B5F7713C6F}"
EndProject
Project("{9A19103F-16F7-4668-BE54-9A1E7A4F7556}") = "TestUtilities", "src\TestUtilities\TestUtilities.csproj", "{D6ED6730-02A8-4B21-8D62-C7B2009F53A5}"
EndProject
Project("{9A19103F-16F7-4668-BE54-9A1E7A4F7556}") = "Microsoft.SourceLink.Git.IntegrationTests", "src\SourceLink.Git.IntegrationTests\Microsoft.SourceLink.Git.IntegrationTests.csproj", "{A273E201-8CF8-4E18-BE21-423B7CFE9B31}"
EndProject
Project("{9A19103F-16F7-4668-BE54-9A1E7A4F7556}") = "Microsoft.SourceLink.GitHub.UnitTests", "src\SourceLink.GitHub.UnitTests\Microsoft.SourceLink.GitHub.UnitTests.csproj", "{15CD9412-587A-457A-94BD-89D69DA7F4B3}"
EndProject
Project("{9A19103F-16F7-4668-BE54-9A1E7A4F7556}") = "Microsoft.SourceLink.AzureRepos.Git.UnitTests", "src\SourceLink.AzureRepos.Git.UnitTests\Microsoft.SourceLink.AzureRepos.Git.UnitTests.csproj", "{60C82684-6A13-4AEF-A4F5-C429BEDE1913}"
EndProject
Project("{9A19103F-16F7-4668-BE54-9A1E7A4F7556}") = "Microsoft.SourceLink.GitLab", "src\SourceLink.GitLab\Microsoft.SourceLink.GitLab.csproj", "{B8F63D05-BF7E-4F09-B87F-2FD2E6D58149}"
EndProject
Project("{9A19103F-16F7-4668-BE54-9A1E7A4F7556}") = "Microsoft.SourceLink.GitLab.UnitTests", "src\SourceLink.GitLab.UnitTests\Microsoft.SourceLink.GitLab.UnitTests.csproj", "{46C6BD7C-ABB7-4444-B095-C63868FACC41}"
EndProject
Project("{2150E333-8FDC-42A3-9474-1A3956D46DE8}") = "Common", "Common", "{7621150D-714B-4C87-8834-199A0495B92F}"
	ProjectSection(SolutionItems) = preProject
		src\Common\CommonResources.resx = src\Common\CommonResources.resx
		src\Common\GetSourceLinkUrlGitTask.cs = src\Common\GetSourceLinkUrlGitTask.cs
		src\Common\Names.cs = src\Common\Names.cs
		src\Common\NullableAttributes.cs = src\Common\NullableAttributes.cs
		src\Common\PathUtilities.cs = src\Common\PathUtilities.cs
		src\Common\SequenceComparer.cs = src\Common\SequenceComparer.cs
		src\Common\TeamFoundationUrlParser.cs = src\Common\TeamFoundationUrlParser.cs
		src\Common\TranslateRepositoryUrlGitTask.cs = src\Common\TranslateRepositoryUrlGitTask.cs
		src\Common\UriUtilities.cs = src\Common\UriUtilities.cs
	EndProjectSection
EndProject
Project("{9A19103F-16F7-4668-BE54-9A1E7A4F7556}") = "Microsoft.SourceLink.Bitbucket.Git", "src\SourceLink.Bitbucket.Git\Microsoft.SourceLink.Bitbucket.Git.csproj", "{9138BCAB-41BC-4DED-8A3F-7EB4177CDCE1}"
EndProject
Project("{9A19103F-16F7-4668-BE54-9A1E7A4F7556}") = "Microsoft.SourceLink.Bitbucket.Git.UnitTests", "src\SourceLink.Bitbucket.Git.UnitTests\Microsoft.SourceLink.Bitbucket.Git.UnitTests.csproj", "{97AD20FC-9526-4579-8E95-47890FE12783}"
EndProject
Project("{9A19103F-16F7-4668-BE54-9A1E7A4F7556}") = "Microsoft.SourceLink.AzureDevOpsServer.Git", "src\SourceLink.AzureDevOpsServer.Git\Microsoft.SourceLink.AzureDevOpsServer.Git.csproj", "{93F7A7DB-DC3E-46EF-93A5-410625E16B44}"
EndProject
Project("{9A19103F-16F7-4668-BE54-9A1E7A4F7556}") = "Microsoft.SourceLink.AzureDevOpsServer.Git.UnitTests", "src\SourceLink.AzureDevOpsServer.Git.UnitTests\Microsoft.SourceLink.AzureDevOpsServer.Git.UnitTests.csproj", "{79371F26-FB84-408D-A4A1-B142B247C288}"
EndProject
Project("{9A19103F-16F7-4668-BE54-9A1E7A4F7556}") = "Microsoft.SourceLink.GitWeb", "src\SourceLink.GitWeb\Microsoft.SourceLink.GitWeb.csproj", "{C78DD3EF-9D20-4E00-8237-E871BB53F840}"
EndProject
Project("{9A19103F-16F7-4668-BE54-9A1E7A4F7556}") = "Microsoft.SourceLink.GitWeb.UnitTests", "src\SourceLink.GitWeb.UnitTests\Microsoft.SourceLink.GitWeb.UnitTests.csproj", "{50503A43-08C0-493B-B8CC-F368983644C1}"
EndProject
Project("{D954291E-2A0B-460D-934E-DC6B0785DB48}") = "Microsoft.SourceLink.Tools", "src\SourceLink.Tools\Microsoft.SourceLink.Tools.shproj", "{5DF76CC2-5F0E-45A6-AD56-6BBBCCBC1A78}"
EndProject
Project("{9A19103F-16F7-4668-BE54-9A1E7A4F7556}") = "Microsoft.SourceLink.Tools.Package", "src\SourceLink.Tools\Microsoft.SourceLink.Tools.Package.csproj", "{141E6850-B424-47AD-884A-CED362027382}"
EndProject
Project("{9A19103F-16F7-4668-BE54-9A1E7A4F7556}") = "Microsoft.SourceLink.Tools.UnitTests", "src\SourceLink.Tools.UnitTests\Microsoft.SourceLink.Tools.UnitTests.csproj", "{99D113A9-24EC-471D-9F74-D2AC2F16220B}"
EndProject
Project("{9A19103F-16F7-4668-BE54-9A1E7A4F7556}") = "Microsoft.SourceLink.Gitea", "src\SourceLink.Gitea\Microsoft.SourceLink.Gitea.csproj", "{C16867BE-053E-4AD3-9867-3352658FC56C}"
EndProject
Project("{9A19103F-16F7-4668-BE54-9A1E7A4F7556}") = "Microsoft.SourceLink.Gitea.UnitTests", "src\SourceLink.Gitea.UnitTests\Microsoft.SourceLink.Gitea.UnitTests.csproj", "{04C95AC8-E3A4-4A2B-94E6-4C62E910FD8A}"
EndProject
Global
	GlobalSection(SharedMSBuildProjectFiles) = preSolution
		src\SourceLink.Tools\Microsoft.SourceLink.Tools.projitems*{5df76cc2-5f0e-45a6-ad56-6bbbccbc1a78}*SharedItemsImports = 13
		src\SourceLink.Tools\Microsoft.SourceLink.Tools.projitems*{99d113a9-24ec-471d-9f74-d2ac2f16220b}*SharedItemsImports = 5
	EndGlobalSection
	GlobalSection(SolutionConfigurationPlatforms) = preSolution
		Debug|Any CPU = Debug|Any CPU
		Release|Any CPU = Release|Any CPU
	EndGlobalSection
	GlobalSection(ProjectConfigurationPlatforms) = postSolution
		{A86F9DC3-9595-44AC-ACC6-025FB74813E6}.Debug|Any CPU.ActiveCfg = Debug|Any CPU
		{A86F9DC3-9595-44AC-ACC6-025FB74813E6}.Debug|Any CPU.Build.0 = Debug|Any CPU
		{A86F9DC3-9595-44AC-ACC6-025FB74813E6}.Release|Any CPU.ActiveCfg = Release|Any CPU
		{A86F9DC3-9595-44AC-ACC6-025FB74813E6}.Release|Any CPU.Build.0 = Release|Any CPU
		{13E94F49-DE63-4F6A-8771-D6AE9B7E043D}.Debug|Any CPU.ActiveCfg = Debug|Any CPU
		{13E94F49-DE63-4F6A-8771-D6AE9B7E043D}.Debug|Any CPU.Build.0 = Debug|Any CPU
		{13E94F49-DE63-4F6A-8771-D6AE9B7E043D}.Release|Any CPU.ActiveCfg = Release|Any CPU
		{13E94F49-DE63-4F6A-8771-D6AE9B7E043D}.Release|Any CPU.Build.0 = Release|Any CPU
		{1FAB9031-3148-476B-B9BB-AB89B8CD2C17}.Debug|Any CPU.ActiveCfg = Debug|Any CPU
		{1FAB9031-3148-476B-B9BB-AB89B8CD2C17}.Debug|Any CPU.Build.0 = Debug|Any CPU
		{1FAB9031-3148-476B-B9BB-AB89B8CD2C17}.Release|Any CPU.ActiveCfg = Release|Any CPU
		{1FAB9031-3148-476B-B9BB-AB89B8CD2C17}.Release|Any CPU.Build.0 = Release|Any CPU
		{9C090D12-1C88-4CB0-849E-3B1668CE0159}.Debug|Any CPU.ActiveCfg = Debug|Any CPU
		{9C090D12-1C88-4CB0-849E-3B1668CE0159}.Debug|Any CPU.Build.0 = Debug|Any CPU
		{9C090D12-1C88-4CB0-849E-3B1668CE0159}.Release|Any CPU.ActiveCfg = Release|Any CPU
		{9C090D12-1C88-4CB0-849E-3B1668CE0159}.Release|Any CPU.Build.0 = Release|Any CPU
		{F537399A-8B15-4AA0-B5E5-A32E0FAF750B}.Debug|Any CPU.ActiveCfg = Debug|Any CPU
		{F537399A-8B15-4AA0-B5E5-A32E0FAF750B}.Debug|Any CPU.Build.0 = Debug|Any CPU
		{F537399A-8B15-4AA0-B5E5-A32E0FAF750B}.Release|Any CPU.ActiveCfg = Release|Any CPU
		{F537399A-8B15-4AA0-B5E5-A32E0FAF750B}.Release|Any CPU.Build.0 = Release|Any CPU
		{E8B3BCCA-0C81-4B47-BFC1-67960E214D0A}.Debug|Any CPU.ActiveCfg = Debug|Any CPU
		{E8B3BCCA-0C81-4B47-BFC1-67960E214D0A}.Debug|Any CPU.Build.0 = Debug|Any CPU
		{E8B3BCCA-0C81-4B47-BFC1-67960E214D0A}.Release|Any CPU.ActiveCfg = Release|Any CPU
		{E8B3BCCA-0C81-4B47-BFC1-67960E214D0A}.Release|Any CPU.Build.0 = Release|Any CPU
		{6B305358-98A3-4F3D-8D69-32475523EE02}.Debug|Any CPU.ActiveCfg = Debug|Any CPU
		{6B305358-98A3-4F3D-8D69-32475523EE02}.Debug|Any CPU.Build.0 = Debug|Any CPU
		{6B305358-98A3-4F3D-8D69-32475523EE02}.Release|Any CPU.ActiveCfg = Release|Any CPU
		{6B305358-98A3-4F3D-8D69-32475523EE02}.Release|Any CPU.Build.0 = Release|Any CPU
		{076D322B-A705-4C57-A5A0-39C81BCFC285}.Debug|Any CPU.ActiveCfg = Debug|Any CPU
		{076D322B-A705-4C57-A5A0-39C81BCFC285}.Debug|Any CPU.Build.0 = Debug|Any CPU
		{076D322B-A705-4C57-A5A0-39C81BCFC285}.Release|Any CPU.ActiveCfg = Release|Any CPU
		{076D322B-A705-4C57-A5A0-39C81BCFC285}.Release|Any CPU.Build.0 = Release|Any CPU
		{DA058284-2FBD-459C-B9F3-82B5F7713C6F}.Debug|Any CPU.ActiveCfg = Debug|Any CPU
		{DA058284-2FBD-459C-B9F3-82B5F7713C6F}.Debug|Any CPU.Build.0 = Debug|Any CPU
		{DA058284-2FBD-459C-B9F3-82B5F7713C6F}.Release|Any CPU.ActiveCfg = Release|Any CPU
		{DA058284-2FBD-459C-B9F3-82B5F7713C6F}.Release|Any CPU.Build.0 = Release|Any CPU
		{D6ED6730-02A8-4B21-8D62-C7B2009F53A5}.Debug|Any CPU.ActiveCfg = Debug|Any CPU
		{D6ED6730-02A8-4B21-8D62-C7B2009F53A5}.Debug|Any CPU.Build.0 = Debug|Any CPU
		{D6ED6730-02A8-4B21-8D62-C7B2009F53A5}.Release|Any CPU.ActiveCfg = Release|Any CPU
		{D6ED6730-02A8-4B21-8D62-C7B2009F53A5}.Release|Any CPU.Build.0 = Release|Any CPU
		{A273E201-8CF8-4E18-BE21-423B7CFE9B31}.Debug|Any CPU.ActiveCfg = Debug|Any CPU
		{A273E201-8CF8-4E18-BE21-423B7CFE9B31}.Debug|Any CPU.Build.0 = Debug|Any CPU
		{A273E201-8CF8-4E18-BE21-423B7CFE9B31}.Release|Any CPU.ActiveCfg = Release|Any CPU
		{A273E201-8CF8-4E18-BE21-423B7CFE9B31}.Release|Any CPU.Build.0 = Release|Any CPU
		{15CD9412-587A-457A-94BD-89D69DA7F4B3}.Debug|Any CPU.ActiveCfg = Debug|Any CPU
		{15CD9412-587A-457A-94BD-89D69DA7F4B3}.Debug|Any CPU.Build.0 = Debug|Any CPU
		{15CD9412-587A-457A-94BD-89D69DA7F4B3}.Release|Any CPU.ActiveCfg = Release|Any CPU
		{15CD9412-587A-457A-94BD-89D69DA7F4B3}.Release|Any CPU.Build.0 = Release|Any CPU
		{60C82684-6A13-4AEF-A4F5-C429BEDE1913}.Debug|Any CPU.ActiveCfg = Debug|Any CPU
		{60C82684-6A13-4AEF-A4F5-C429BEDE1913}.Debug|Any CPU.Build.0 = Debug|Any CPU
		{60C82684-6A13-4AEF-A4F5-C429BEDE1913}.Release|Any CPU.ActiveCfg = Release|Any CPU
		{60C82684-6A13-4AEF-A4F5-C429BEDE1913}.Release|Any CPU.Build.0 = Release|Any CPU
		{B8F63D05-BF7E-4F09-B87F-2FD2E6D58149}.Debug|Any CPU.ActiveCfg = Debug|Any CPU
		{B8F63D05-BF7E-4F09-B87F-2FD2E6D58149}.Debug|Any CPU.Build.0 = Debug|Any CPU
		{B8F63D05-BF7E-4F09-B87F-2FD2E6D58149}.Release|Any CPU.ActiveCfg = Release|Any CPU
		{B8F63D05-BF7E-4F09-B87F-2FD2E6D58149}.Release|Any CPU.Build.0 = Release|Any CPU
		{46C6BD7C-ABB7-4444-B095-C63868FACC41}.Debug|Any CPU.ActiveCfg = Debug|Any CPU
		{46C6BD7C-ABB7-4444-B095-C63868FACC41}.Debug|Any CPU.Build.0 = Debug|Any CPU
		{46C6BD7C-ABB7-4444-B095-C63868FACC41}.Release|Any CPU.ActiveCfg = Release|Any CPU
		{46C6BD7C-ABB7-4444-B095-C63868FACC41}.Release|Any CPU.Build.0 = Release|Any CPU
		{9138BCAB-41BC-4DED-8A3F-7EB4177CDCE1}.Debug|Any CPU.ActiveCfg = Debug|Any CPU
		{9138BCAB-41BC-4DED-8A3F-7EB4177CDCE1}.Debug|Any CPU.Build.0 = Debug|Any CPU
		{9138BCAB-41BC-4DED-8A3F-7EB4177CDCE1}.Release|Any CPU.ActiveCfg = Release|Any CPU
		{9138BCAB-41BC-4DED-8A3F-7EB4177CDCE1}.Release|Any CPU.Build.0 = Release|Any CPU
		{97AD20FC-9526-4579-8E95-47890FE12783}.Debug|Any CPU.ActiveCfg = Debug|Any CPU
		{97AD20FC-9526-4579-8E95-47890FE12783}.Debug|Any CPU.Build.0 = Debug|Any CPU
		{97AD20FC-9526-4579-8E95-47890FE12783}.Release|Any CPU.ActiveCfg = Release|Any CPU
		{97AD20FC-9526-4579-8E95-47890FE12783}.Release|Any CPU.Build.0 = Release|Any CPU
		{93F7A7DB-DC3E-46EF-93A5-410625E16B44}.Debug|Any CPU.ActiveCfg = Debug|Any CPU
		{93F7A7DB-DC3E-46EF-93A5-410625E16B44}.Debug|Any CPU.Build.0 = Debug|Any CPU
		{93F7A7DB-DC3E-46EF-93A5-410625E16B44}.Release|Any CPU.ActiveCfg = Release|Any CPU
		{93F7A7DB-DC3E-46EF-93A5-410625E16B44}.Release|Any CPU.Build.0 = Release|Any CPU
		{79371F26-FB84-408D-A4A1-B142B247C288}.Debug|Any CPU.ActiveCfg = Debug|Any CPU
		{79371F26-FB84-408D-A4A1-B142B247C288}.Debug|Any CPU.Build.0 = Debug|Any CPU
		{79371F26-FB84-408D-A4A1-B142B247C288}.Release|Any CPU.ActiveCfg = Release|Any CPU
		{79371F26-FB84-408D-A4A1-B142B247C288}.Release|Any CPU.Build.0 = Release|Any CPU
		{C78DD3EF-9D20-4E00-8237-E871BB53F840}.Debug|Any CPU.ActiveCfg = Debug|Any CPU
		{C78DD3EF-9D20-4E00-8237-E871BB53F840}.Debug|Any CPU.Build.0 = Debug|Any CPU
		{C78DD3EF-9D20-4E00-8237-E871BB53F840}.Release|Any CPU.ActiveCfg = Release|Any CPU
		{C78DD3EF-9D20-4E00-8237-E871BB53F840}.Release|Any CPU.Build.0 = Release|Any CPU
		{50503A43-08C0-493B-B8CC-F368983644C1}.Debug|Any CPU.ActiveCfg = Debug|Any CPU
		{50503A43-08C0-493B-B8CC-F368983644C1}.Debug|Any CPU.Build.0 = Debug|Any CPU
		{50503A43-08C0-493B-B8CC-F368983644C1}.Release|Any CPU.ActiveCfg = Release|Any CPU
		{50503A43-08C0-493B-B8CC-F368983644C1}.Release|Any CPU.Build.0 = Release|Any CPU
		{141E6850-B424-47AD-884A-CED362027382}.Debug|Any CPU.ActiveCfg = Debug|Any CPU
		{141E6850-B424-47AD-884A-CED362027382}.Debug|Any CPU.Build.0 = Debug|Any CPU
		{141E6850-B424-47AD-884A-CED362027382}.Release|Any CPU.ActiveCfg = Release|Any CPU
		{141E6850-B424-47AD-884A-CED362027382}.Release|Any CPU.Build.0 = Release|Any CPU
		{99D113A9-24EC-471D-9F74-D2AC2F16220B}.Debug|Any CPU.ActiveCfg = Debug|Any CPU
		{99D113A9-24EC-471D-9F74-D2AC2F16220B}.Debug|Any CPU.Build.0 = Debug|Any CPU
		{99D113A9-24EC-471D-9F74-D2AC2F16220B}.Release|Any CPU.ActiveCfg = Release|Any CPU
		{99D113A9-24EC-471D-9F74-D2AC2F16220B}.Release|Any CPU.Build.0 = Release|Any CPU
		{C16867BE-053E-4AD3-9867-3352658FC56C}.Debug|Any CPU.ActiveCfg = Debug|Any CPU
		{C16867BE-053E-4AD3-9867-3352658FC56C}.Debug|Any CPU.Build.0 = Debug|Any CPU
		{C16867BE-053E-4AD3-9867-3352658FC56C}.Release|Any CPU.ActiveCfg = Release|Any CPU
		{C16867BE-053E-4AD3-9867-3352658FC56C}.Release|Any CPU.Build.0 = Release|Any CPU
		{04C95AC8-E3A4-4A2B-94E6-4C62E910FD8A}.Debug|Any CPU.ActiveCfg = Debug|Any CPU
		{04C95AC8-E3A4-4A2B-94E6-4C62E910FD8A}.Debug|Any CPU.Build.0 = Debug|Any CPU
		{04C95AC8-E3A4-4A2B-94E6-4C62E910FD8A}.Release|Any CPU.ActiveCfg = Release|Any CPU
		{04C95AC8-E3A4-4A2B-94E6-4C62E910FD8A}.Release|Any CPU.Build.0 = Release|Any CPU
	EndGlobalSection
	GlobalSection(SolutionProperties) = preSolution
		HideSolutionNode = FALSE
	EndGlobalSection
	GlobalSection(ExtensibilityGlobals) = postSolution
		SolutionGuid = {0E6D4D3C-C44D-4A03-B5C0-10A36F51E272}
	EndGlobalSection
EndGlobal
