
Microsoft Visual Studio Solution File, Format Version 12.00
# Visual Studio 15
VisualStudioVersion = 15.0.27214.1
MinimumVisualStudioVersion = 10.0.40219.1
Project("{9A19103F-16F7-4668-BE54-9A1E7A4F7556}") = "SourceLink.GitHub", "src\GitHub\SourceLink.GitHub.csproj", "{570FAF85-DF51-49DC-A432-4BBD73436E84}"
EndProject
Project("{9A19103F-16F7-4668-BE54-9A1E7A4F7556}") = "SourceLink.VSTS.TFVC", "src\VSTS\TFVC\SourceLink.VSTS.TFVC.csproj", "{D6D9766F-F3B6-450C-AFBC-3E33AEFB8492}"
EndProject
Project("{9A19103F-16F7-4668-BE54-9A1E7A4F7556}") = "SourceLink.VSTS.Git", "src\VSTS\Git\SourceLink.VSTS.Git.csproj", "{8B24544C-766E-4641-BBFF-F1B543E0C45F}"
EndProject
Global
	GlobalSection(SolutionConfigurationPlatforms) = preSolution
		Debug|Any CPU = Debug|Any CPU
		Release|Any CPU = Release|Any CPU
	EndGlobalSection
	GlobalSection(ProjectConfigurationPlatforms) = postSolution
		{570FAF85-DF51-49DC-A432-4BBD73436E84}.Debug|Any CPU.ActiveCfg = Debug|Any CPU
		{570FAF85-DF51-49DC-A432-4BBD73436E84}.Debug|Any CPU.Build.0 = Debug|Any CPU
		{570FAF85-DF51-49DC-A432-4BBD73436E84}.Release|Any CPU.ActiveCfg = Release|Any CPU
		{570FAF85-DF51-49DC-A432-4BBD73436E84}.Release|Any CPU.Build.0 = Release|Any CPU
		{D6D9766F-F3B6-450C-AFBC-3E33AEFB8492}.Debug|Any CPU.ActiveCfg = Debug|Any CPU
		{D6D9766F-F3B6-450C-AFBC-3E33AEFB8492}.Debug|Any CPU.Build.0 = Debug|Any CPU
		{D6D9766F-F3B6-450C-AFBC-3E33AEFB8492}.Release|Any CPU.ActiveCfg = Release|Any CPU
		{D6D9766F-F3B6-450C-AFBC-3E33AEFB8492}.Release|Any CPU.Build.0 = Release|Any CPU
		{8B24544C-766E-4641-BBFF-F1B543E0C45F}.Debug|Any CPU.ActiveCfg = Debug|Any CPU
		{8B24544C-766E-4641-BBFF-F1B543E0C45F}.Debug|Any CPU.Build.0 = Debug|Any CPU
		{8B24544C-766E-4641-BBFF-F1B543E0C45F}.Release|Any CPU.ActiveCfg = Release|Any CPU
		{8B24544C-766E-4641-BBFF-F1B543E0C45F}.Release|Any CPU.Build.0 = Release|Any CPU
	EndGlobalSection
	GlobalSection(SolutionProperties) = preSolution
		HideSolutionNode = FALSE
	EndGlobalSection
	GlobalSection(ExtensibilityGlobals) = postSolution
		SolutionGuid = {0E6D4D3C-C44D-4A03-B5C0-10A36F51E272}
	EndGlobalSection
EndGlobal
